
Microsoft Visual Studio Solution File, Format Version 12.00
# Visual Studio Version 16
VisualStudioVersion = 16.0.28922.388
MinimumVisualStudioVersion = 10.0.40219.1
Project("{9A19103F-16F7-4668-BE54-9A1E7A4F7556}") = "MvcStarterTemplate", "MvcStarterTemplate\MvcStarterTemplate.csproj", "{6CB9FF7E-1B47-4DAC-B70C-DCEE9219FF6C}"
EndProject
Global
	GlobalSection(SolutionConfigurationPlatforms) = preSolution
		Debug|Any CPU = Debug|Any CPU
		Release|Any CPU = Release|Any CPU
	EndGlobalSection
	GlobalSection(ProjectConfigurationPlatforms) = postSolution
		{6CB9FF7E-1B47-4DAC-B70C-DCEE9219FF6C}.Debug|Any CPU.ActiveCfg = Debug|Any CPU
		{6CB9FF7E-1B47-4DAC-B70C-DCEE9219FF6C}.Debug|Any CPU.Build.0 = Debug|Any CPU
		{6CB9FF7E-1B47-4DAC-B70C-DCEE9219FF6C}.Release|Any CPU.ActiveCfg = Release|Any CPU
		{6CB9FF7E-1B47-4DAC-B70C-DCEE9219FF6C}.Release|Any CPU.Build.0 = Release|Any CPU
	EndGlobalSection
	GlobalSection(SolutionProperties) = preSolution
		HideSolutionNode = FALSE
	EndGlobalSection
	GlobalSection(ExtensibilityGlobals) = postSolution
		SolutionGuid = {62DFD40E-45F2-4083-A627-9E0DDE9A3632}
	EndGlobalSection
EndGlobal
